
Microsoft Visual Studio Solution File, Format Version 12.00
# Visual Studio Version 17
VisualStudioVersion = 17.0.31903.59
MinimumVisualStudioVersion = 10.0.40219.1
Project("{FAE04EC0-301F-11D3-BF4B-00C04F79EFBC}") = "GuideService.API", "GuideService.API.csproj", "{A38EBD5D-CA65-4ECF-BF30-A9A0C3B7DB98}"
EndProject
Project("{FAE04EC0-301F-11D3-BF4B-00C04F79EFBC}") = "GuideService.Data", "..\GuideService.Data\GuideService.Data.csproj", "{BF72360F-51EB-46F1-9F50-8160C93A9F4A}"
EndProject
Project("{FAE04EC0-301F-11D3-BF4B-00C04F79EFBC}") = "GuideService.Domain", "..\GuideService.Domain\GuideService.Domain.csproj", "{1B313267-6F9F-4CE3-B4C0-6705A545AB73}"
EndProject
Global
	GlobalSection(SolutionConfigurationPlatforms) = preSolution
		Debug|Any CPU = Debug|Any CPU
		Release|Any CPU = Release|Any CPU
	EndGlobalSection
	GlobalSection(ProjectConfigurationPlatforms) = postSolution
		{A38EBD5D-CA65-4ECF-BF30-A9A0C3B7DB98}.Debug|Any CPU.ActiveCfg = Debug|Any CPU
		{A38EBD5D-CA65-4ECF-BF30-A9A0C3B7DB98}.Debug|Any CPU.Build.0 = Debug|Any CPU
		{A38EBD5D-CA65-4ECF-BF30-A9A0C3B7DB98}.Release|Any CPU.ActiveCfg = Release|Any CPU
		{A38EBD5D-CA65-4ECF-BF30-A9A0C3B7DB98}.Release|Any CPU.Build.0 = Release|Any CPU
		{BF72360F-51EB-46F1-9F50-8160C93A9F4A}.Debug|Any CPU.ActiveCfg = Debug|Any CPU
		{BF72360F-51EB-46F1-9F50-8160C93A9F4A}.Debug|Any CPU.Build.0 = Debug|Any CPU
		{BF72360F-51EB-46F1-9F50-8160C93A9F4A}.Release|Any CPU.ActiveCfg = Release|Any CPU
		{BF72360F-51EB-46F1-9F50-8160C93A9F4A}.Release|Any CPU.Build.0 = Release|Any CPU
		{1B313267-6F9F-4CE3-B4C0-6705A545AB73}.Debug|Any CPU.ActiveCfg = Debug|Any CPU
		{1B313267-6F9F-4CE3-B4C0-6705A545AB73}.Debug|Any CPU.Build.0 = Debug|Any CPU
		{1B313267-6F9F-4CE3-B4C0-6705A545AB73}.Release|Any CPU.ActiveCfg = Release|Any CPU
		{1B313267-6F9F-4CE3-B4C0-6705A545AB73}.Release|Any CPU.Build.0 = Release|Any CPU
	EndGlobalSection
	GlobalSection(SolutionProperties) = preSolution
		HideSolutionNode = FALSE
	EndGlobalSection
	GlobalSection(ExtensibilityGlobals) = postSolution
		SolutionGuid = {C8648403-A407-409E-81F7-1BAF8A92B664}
	EndGlobalSection
EndGlobal
